Microsoft Visual Studio Solution File, Format Version 12.00
# Visual Studio Version 17
VisualStudioVersion = 17.0.31903.59
MinimumVisualStudioVersion = 10.0.40219.1
Project("{9A19103F-16F7-4668-BE54-9A1E7A4F7556}") = "AikoPdf", "AikoPdf\AikoPdf.csproj", "{7C5A1F5E-3B7D-4B7A-9D8E-1A2B3C4D5E6F}"
EndProject
Project("{9A19103F-16F7-4668-BE54-9A1E7A4F7556}") = "AikoPdf.Tests", "tests\AikoPdf.Tests\AikoPdf.Tests.csproj", "{8D6B2A6F-4C8E-4C8B-AE9F-2B3C4D5E6F70}"
EndProject
Global
	GlobalSection(SolutionConfigurationPlatforms) = preSolution
		Debug|x64 = Debug|x64
		Release|x64 = Release|x64
	EndGlobalSection
	GlobalSection(ProjectConfigurationPlatforms) = postSolution
		{7C5A1F5E-3B7D-4B7A-9D8E-1A2B3C4D5E6F}.Debug|x64.ActiveCfg = Debug|x64
		{7C5A1F5E-3B7D-4B7A-9D8E-1A2B3C4D5E6F}.Debug|x64.Build.0 = Debug|x64
		{7C5A1F5E-3B7D-4B7A-9D8E-1A2B3C4D5E6F}.Release|x64.ActiveCfg = Release|x64
		{7C5A1F5E-3B7D-4B7A-9D8E-1A2B3C4D5E6F}.Release|x64.Build.0 = Release|x64
		{8D6B2A6F-4C8E-4C8B-AE9F-2B3C4D5E6F70}.Debug|x64.ActiveCfg = Debug|Any CPU
		{8D6B2A6F-4C8E-4C8B-AE9F-2B3C4D5E6F70}.Debug|x64.Build.0 = Debug|Any CPU
		{8D6B2A6F-4C8E-4C8B-AE9F-2B3C4D5E6F70}.Release|x64.ActiveCfg = Release|Any CPU
		{8D6B2A6F-4C8E-4C8B-AE9F-2B3C4D5E6F70}.Release|x64.Build.0 = Release|Any CPU
	EndGlobalSection
	GlobalSection(SolutionProperties) = preSolution
		HideSolutionNode = FALSE
	EndGlobalSection
EndGlobal
